
Microsoft Visual Studio Solution File, Format Version 12.00
# Visual Studio 2017
Project("{FAE04EC0-301F-11D3-BF4B-00C04F79EFBC}") = "PrototipoN1_01", "PrototipoN1_01.csproj", "{5E1F2198-3A2B-88FB-7D24-BB443FD25079}"
EndProject
Project("{FAE04EC0-301F-11D3-BF4B-00C04F79EFBC}") = "PrototipoN1_01.Editor", "PrototipoN1_01.Editor.csproj", "{E1129A18-E0B5-EE1A-AB3B-BBB8E5B12A5D}"
EndProject
Global
	GlobalSection(SolutionConfigurationPlatforms) = preSolution
		Debug|Any CPU = Debug|Any CPU
		Release|Any CPU = Release|Any CPU
	EndGlobalSection
	GlobalSection(ProjectConfigurationPlatforms) = postSolution
		{5E1F2198-3A2B-88FB-7D24-BB443FD25079}.Debug|Any CPU.ActiveCfg = Debug|Any CPU
		{5E1F2198-3A2B-88FB-7D24-BB443FD25079}.Debug|Any CPU.Build.0 = Debug|Any CPU
		{5E1F2198-3A2B-88FB-7D24-BB443FD25079}.Release|Any CPU.ActiveCfg = Release|Any CPU
		{5E1F2198-3A2B-88FB-7D24-BB443FD25079}.Release|Any CPU.Build.0 = Release|Any CPU
		{E1129A18-E0B5-EE1A-AB3B-BBB8E5B12A5D}.Debug|Any CPU.ActiveCfg = Debug|Any CPU
		{E1129A18-E0B5-EE1A-AB3B-BBB8E5B12A5D}.Debug|Any CPU.Build.0 = Debug|Any CPU
		{E1129A18-E0B5-EE1A-AB3B-BBB8E5B12A5D}.Release|Any CPU.ActiveCfg = Release|Any CPU
		{E1129A18-E0B5-EE1A-AB3B-BBB8E5B12A5D}.Release|Any CPU.Build.0 = Release|Any CPU
	EndGlobalSection
	GlobalSection(SolutionProperties) = preSolution
		HideSolutionNode = FALSE
	EndGlobalSection
EndGlobal
